
Microsoft Visual Studio Solution File, Format Version 12.00
# Visual Studio 15
VisualStudioVersion = 15.0.27703.2035
MinimumVisualStudioVersion = 10.0.40219.1
Project("{FAE04EC0-301F-11D3-BF4B-00C04F79EFBC}") = "CalculateContent.Android", "CalculateContent\CalculateContent.Android\CalculateContent.Android.csproj", "{AC1E4F3B-9B38-462D-BD07-803E91124F15}"
EndProject
Project("{FAE04EC0-301F-11D3-BF4B-00C04F79EFBC}") = "CalculateContent.iOS", "CalculateContent\CalculateContent.iOS\CalculateContent.iOS.csproj", "{9A4B728D-C850-40AF-97BA-294FD7002DAA}"
EndProject
Project("{FAE04EC0-301F-11D3-BF4B-00C04F79EFBC}") = "CalculateContent", "CalculateContent\CalculateContent\CalculateContent.csproj", "{41E86667-C01B-43C7-8D27-C025ABF6A052}"
EndProject
Global
	GlobalSection(SolutionConfigurationPlatforms) = preSolution
		Ad-Hoc|Any CPU = Ad-Hoc|Any CPU
		Ad-Hoc|iPhone = Ad-Hoc|iPhone
		Ad-Hoc|iPhoneSimulator = Ad-Hoc|iPhoneSimulator
		AppStore|Any CPU = AppStore|Any CPU
		AppStore|iPhone = AppStore|iPhone
		AppStore|iPhoneSimulator = AppStore|iPhoneSimulator
		Debug|Any CPU = Debug|Any CPU
		Debug|iPhone = Debug|iPhone
		Debug|iPhoneSimulator = Debug|iPhoneSimulator
		Release|Any CPU = Release|Any CPU
		Release|iPhone = Release|iPhone
		Release|iPhoneSimulator = Release|iPhoneSimulator
	EndGlobalSection
	GlobalSection(ProjectConfigurationPlatforms) = postSolution
		{AC1E4F3B-9B38-462D-BD07-803E91124F15}.Ad-Hoc|Any CPU.ActiveCfg = Release|Any CPU
		{AC1E4F3B-9B38-462D-BD07-803E91124F15}.Ad-Hoc|Any CPU.Build.0 = Release|Any CPU
		{AC1E4F3B-9B38-462D-BD07-803E91124F15}.Ad-Hoc|Any CPU.Deploy.0 = Release|Any CPU
		{AC1E4F3B-9B38-462D-BD07-803E91124F15}.Ad-Hoc|iPhone.ActiveCfg = Release|Any CPU
		{AC1E4F3B-9B38-462D-BD07-803E91124F15}.Ad-Hoc|iPhone.Build.0 = Release|Any CPU
		{AC1E4F3B-9B38-462D-BD07-803E91124F15}.Ad-Hoc|iPhone.Deploy.0 = Release|Any CPU
		{AC1E4F3B-9B38-462D-BD07-803E91124F15}.Ad-Hoc|iPhoneSimulator.ActiveCfg = Release|Any CPU
		{AC1E4F3B-9B38-462D-BD07-803E91124F15}.Ad-Hoc|iPhoneSimulator.Build.0 = Release|Any CPU
		{AC1E4F3B-9B38-462D-BD07-803E91124F15}.Ad-Hoc|iPhoneSimulator.Deploy.0 = Release|Any CPU
		{AC1E4F3B-9B38-462D-BD07-803E91124F15}.AppStore|Any CPU.ActiveCfg = Release|Any CPU
		{AC1E4F3B-9B38-462D-BD07-803E91124F15}.AppStore|Any CPU.Build.0 = Release|Any CPU
		{AC1E4F3B-9B38-462D-BD07-803E91124F15}.AppStore|Any CPU.Deploy.0 = Release|Any CPU
		{AC1E4F3B-9B38-462D-BD07-803E91124F15}.AppStore|iPhone.ActiveCfg = Release|Any CPU
		{AC1E4F3B-9B38-462D-BD07-803E91124F15}.AppStore|iPhone.Build.0 = Release|Any CPU
		{AC1E4F3B-9B38-462D-BD07-803E91124F15}.AppStore|iPhone.Deploy.0 = Release|Any CPU
		{AC1E4F3B-9B38-462D-BD07-803E91124F15}.AppStore|iPhoneSimulator.ActiveCfg = Release|Any CPU
		{AC1E4F3B-9B38-462D-BD07-803E91124F15}.AppStore|iPhoneSimulator.Build.0 = Release|Any CPU
		{AC1E4F3B-9B38-462D-BD07-803E91124F15}.AppStore|iPhoneSimulator.Deploy.0 = Release|Any CPU
		{AC1E4F3B-9B38-462D-BD07-803E91124F15}.Debug|Any CPU.ActiveCfg = Debug|Any CPU
		{AC1E4F3B-9B38-462D-BD07-803E91124F15}.Debug|Any CPU.Build.0 = Debug|Any CPU
		{AC1E4F3B-9B38-462D-BD07-803E91124F15}.Debug|Any CPU.Deploy.0 = Debug|Any CPU
		{AC1E4F3B-9B38-462D-BD07-803E91124F15}.Debug|iPhone.ActiveCfg = Debug|Any CPU
		{AC1E4F3B-9B38-462D-BD07-803E91124F15}.Debug|iPhone.Build.0 = Debug|Any CPU
		{AC1E4F3B-9B38-462D-BD07-803E91124F15}.Debug|iPhone.Deploy.0 = Debug|Any CPU
		{AC1E4F3B-9B38-462D-BD07-803E91124F15}.Debug|iPhoneSimulator.ActiveCfg = Debug|Any CPU
		{AC1E4F3B-9B38-462D-BD07-803E91124F15}.Debug|iPhoneSimulator.Build.0 = Debug|Any CPU
		{AC1E4F3B-9B38-462D-BD07-803E91124F15}.Debug|iPhoneSimulator.Deploy.0 = Debug|Any CPU
		{AC1E4F3B-9B38-462D-BD07-803E91124F15}.Release|Any CPU.ActiveCfg = Release|Any CPU
		{AC1E4F3B-9B38-462D-BD07-803E91124F15}.Release|Any CPU.Build.0 = Release|Any CPU
		{AC1E4F3B-9B38-462D-BD07-803E91124F15}.Release|Any CPU.Deploy.0 = Release|Any CPU
		{AC1E4F3B-9B38-462D-BD07-803E91124F15}.Release|iPhone.ActiveCfg = Release|Any CPU
		{AC1E4F3B-9B38-462D-BD07-803E91124F15}.Release|iPhone.Build.0 = Release|Any CPU
		{AC1E4F3B-9B38-462D-BD07-803E91124F15}.Release|iPhone.Deploy.0 = Release|Any CPU
		{AC1E4F3B-9B38-462D-BD07-803E91124F15}.Release|iPhoneSimulator.ActiveCfg = Release|Any CPU
		{AC1E4F3B-9B38-462D-BD07-803E91124F15}.Release|iPhoneSimulator.Build.0 = Release|Any CPU
		{AC1E4F3B-9B38-462D-BD07-803E91124F15}.Release|iPhoneSimulator.Deploy.0 = Release|Any CPU
		{9A4B728D-C850-40AF-97BA-294FD7002DAA}.Ad-Hoc|Any CPU.ActiveCfg = Ad-Hoc|iPhone
		{9A4B728D-C850-40AF-97BA-294FD7002DAA}.Ad-Hoc|Any CPU.Build.0 = Ad-Hoc|iPhone
		{9A4B728D-C850-40AF-97BA-294FD7002DAA}.Ad-Hoc|Any CPU.Deploy.0 = Ad-Hoc|iPhone
		{9A4B728D-C850-40AF-97BA-294FD7002DAA}.Ad-Hoc|iPhone.ActiveCfg = Ad-Hoc|iPhone
		{9A4B728D-C850-40AF-97BA-294FD7002DAA}.Ad-Hoc|iPhone.Build.0 = Ad-Hoc|iPhone
		{9A4B728D-C850-40AF-97BA-294FD7002DAA}.Ad-Hoc|iPhone.Deploy.0 = Ad-Hoc|iPhone
		{9A4B728D-C850-40AF-97BA-294FD7002DAA}.Ad-Hoc|iPhoneSimulator.ActiveCfg = Ad-Hoc|iPhoneSimulator
		{9A4B728D-C850-40AF-97BA-294FD7002DAA}.Ad-Hoc|iPhoneSimulator.Build.0 = Ad-Hoc|iPhoneSimulator
		{9A4B728D-C850-40AF-97BA-294FD7002DAA}.Ad-Hoc|iPhoneSimulator.Deploy.0 = Ad-Hoc|iPhoneSimulator
		{9A4B728D-C850-40AF-97BA-294FD7002DAA}.AppStore|Any CPU.ActiveCfg = AppStore|iPhone
		{9A4B728D-C850-40AF-97BA-294FD7002DAA}.AppStore|Any CPU.Build.0 = AppStore|iPhone
		{9A4B728D-C850-40AF-97BA-294FD7002DAA}.AppStore|Any CPU.Deploy.0 = AppStore|iPhone
		{9A4B728D-C850-40AF-97BA-294FD7002DAA}.AppStore|iPhone.ActiveCfg = AppStore|iPhone
		{9A4B728D-C850-40AF-97BA-294FD7002DAA}.AppStore|iPhone.Build.0 = AppStore|iPhone
		{9A4B728D-C850-40AF-97BA-294FD7002DAA}.AppStore|iPhone.Deploy.0 = AppStore|iPhone
		{9A4B728D-C850-40AF-97BA-294FD7002DAA}.AppStore|iPhoneSimulator.ActiveCfg = AppStore|iPhoneSimulator
		{9A4B728D-C850-40AF-97BA-294FD7002DAA}.AppStore|iPhoneSimulator.Build.0 = AppStore|iPhoneSimulator
		{9A4B728D-C850-40AF-97BA-294FD7002DAA}.AppStore|iPhoneSimulator.Deploy.0 = AppStore|iPhoneSimulator
		{9A4B728D-C850-40AF-97BA-294FD7002DAA}.Debug|Any CPU.ActiveCfg = Debug|iPhoneSimulator
		{9A4B728D-C850-40AF-97BA-294FD7002DAA}.Debug|Any CPU.Build.0 = Debug|iPhoneSimulator
		{9A4B728D-C850-40AF-97BA-294FD7002DAA}.Debug|Any CPU.Deploy.0 = Debug|iPhoneSimulator
		{9A4B728D-C850-40AF-97BA-294FD7002DAA}.Debug|iPhone.ActiveCfg = Debug|iPhone
		{9A4B728D-C850-40AF-97BA-294FD7002DAA}.Debug|iPhone.Build.0 = Debug|iPhone
		{9A4B728D-C850-40AF-97BA-294FD7002DAA}.Debug|iPhone.Deploy.0 = Debug|iPhone
		{9A4B728D-C850-40AF-97BA-294FD7002DAA}.Debug|iPhoneSimulator.ActiveCfg = Debug|iPhoneSimulator
		{9A4B728D-C850-40AF-97BA-294FD7002DAA}.Debug|iPhoneSimulator.Build.0 = Debug|iPhoneSimulator
		{9A4B728D-C850-40AF-97BA-294FD7002DAA}.Debug|iPhoneSimulator.Deploy.0 = Debug|iPhoneSimulator
		{9A4B728D-C850-40AF-97BA-294FD7002DAA}.Release|Any CPU.ActiveCfg = Release|iPhone
		{9A4B728D-C850-40AF-97BA-294FD7002DAA}.Release|Any CPU.Build.0 = Release|iPhone
		{9A4B728D-C850-40AF-97BA-294FD7002DAA}.Release|Any CPU.Deploy.0 = Release|iPhone
		{9A4B728D-C850-40AF-97BA-294FD7002DAA}.Release|iPhone.ActiveCfg = Release|iPhone
		{9A4B728D-C850-40AF-97BA-294FD7002DAA}.Release|iPhone.Build.0 = Release|iPhone
		{9A4B728D-C850-40AF-97BA-294FD7002DAA}.Release|iPhone.Deploy.0 = Release|iPhone
		{9A4B728D-C850-40AF-97BA-294FD7002DAA}.Release|iPhoneSimulator.ActiveCfg = Release|iPhoneSimulator
		{9A4B728D-C850-40AF-97BA-294FD7002DAA}.Release|iPhoneSimulator.Build.0 = Release|iPhoneSimulator
		{9A4B728D-C850-40AF-97BA-294FD7002DAA}.Release|iPhoneSimulator.Deploy.0 = Release|iPhoneSimulator
		{41E86667-C01B-43C7-8D27-C025ABF6A052}.Ad-Hoc|Any CPU.ActiveCfg = Debug|Any CPU
		{41E86667-C01B-43C7-8D27-C025ABF6A052}.Ad-Hoc|Any CPU.Build.0 = Debug|Any CPU
		{41E86667-C01B-43C7-8D27-C025ABF6A052}.Ad-Hoc|Any CPU.Deploy.0 = Debug|Any CPU
		{41E86667-C01B-43C7-8D27-C025ABF6A052}.Ad-Hoc|iPhone.ActiveCfg = Debug|Any CPU
		{41E86667-C01B-43C7-8D27-C025ABF6A052}.Ad-Hoc|iPhone.Build.0 = Debug|Any CPU
		{41E86667-C01B-43C7-8D27-C025ABF6A052}.Ad-Hoc|iPhone.Deploy.0 = Debug|Any CPU
		{41E86667-C01B-43C7-8D27-C025ABF6A052}.Ad-Hoc|iPhoneSimulator.ActiveCfg = Debug|Any CPU
		{41E86667-C01B-43C7-8D27-C025ABF6A052}.Ad-Hoc|iPhoneSimulator.Build.0 = Debug|Any CPU
		{41E86667-C01B-43C7-8D27-C025ABF6A052}.Ad-Hoc|iPhoneSimulator.Deploy.0 = Debug|Any CPU
		{41E86667-C01B-43C7-8D27-C025ABF6A052}.AppStore|Any CPU.ActiveCfg = Debug|Any CPU
		{41E86667-C01B-43C7-8D27-C025ABF6A052}.AppStore|Any CPU.Build.0 = Debug|Any CPU
		{41E86667-C01B-43C7-8D27-C025ABF6A052}.AppStore|Any CPU.Deploy.0 = Debug|Any CPU
		{41E86667-C01B-43C7-8D27-C025ABF6A052}.AppStore|iPhone.ActiveCfg = Debug|Any CPU
		{41E86667-C01B-43C7-8D27-C025ABF6A052}.AppStore|iPhone.Build.0 = Debug|Any CPU
		{41E86667-C01B-43C7-8D27-C025ABF6A052}.AppStore|iPhone.Deploy.0 = Debug|Any CPU
		{41E86667-C01B-43C7-8D27-C025ABF6A052}.AppStore|iPhoneSimulator.ActiveCfg = Debug|Any CPU
		{41E86667-C01B-43C7-8D27-C025ABF6A052}.AppStore|iPhoneSimulator.Build.0 = Debug|Any CPU
		{41E86667-C01B-43C7-8D27-C025ABF6A052}.AppStore|iPhoneSimulator.Deploy.0 = Debug|Any CPU
		{41E86667-C01B-43C7-8D27-C025ABF6A052}.Debug|Any CPU.ActiveCfg = Debug|Any CPU
		{41E86667-C01B-43C7-8D27-C025ABF6A052}.Debug|Any CPU.Build.0 = Debug|Any CPU
		{41E86667-C01B-43C7-8D27-C025ABF6A052}.Debug|Any CPU.Deploy.0 = Debug|Any CPU
		{41E86667-C01B-43C7-8D27-C025ABF6A052}.Debug|iPhone.ActiveCfg = Debug|Any CPU
		{41E86667-C01B-43C7-8D27-C025ABF6A052}.Debug|iPhone.Build.0 = Debug|Any CPU
		{41E86667-C01B-43C7-8D27-C025ABF6A052}.Debug|iPhone.Deploy.0 = Debug|Any CPU
		{41E86667-C01B-43C7-8D27-C025ABF6A052}.Debug|iPhoneSimulator.ActiveCfg = Debug|Any CPU
		{41E86667-C01B-43C7-8D27-C025ABF6A052}.Debug|iPhoneSimulator.Build.0 = Debug|Any CPU
		{41E86667-C01B-43C7-8D27-C025ABF6A052}.Debug|iPhoneSimulator.Deploy.0 = Debug|Any CPU
		{41E86667-C01B-43C7-8D27-C025ABF6A052}.Release|Any CPU.ActiveCfg = Release|Any CPU
		{41E86667-C01B-43C7-8D27-C025ABF6A052}.Release|Any CPU.Build.0 = Release|Any CPU
		{41E86667-C01B-43C7-8D27-C025ABF6A052}.Release|Any CPU.Deploy.0 = Release|Any CPU
		{41E86667-C01B-43C7-8D27-C025ABF6A052}.Release|iPhone.ActiveCfg = Release|Any CPU
		{41E86667-C01B-43C7-8D27-C025ABF6A052}.Release|iPhone.Build.0 = Release|Any CPU
		{41E86667-C01B-43C7-8D27-C025ABF6A052}.Release|iPhone.Deploy.0 = Release|Any CPU
		{41E86667-C01B-43C7-8D27-C025ABF6A052}.Release|iPhoneSimulator.ActiveCfg = Release|Any CPU
		{41E86667-C01B-43C7-8D27-C025ABF6A052}.Release|iPhoneSimulator.Build.0 = Release|Any CPU
		{41E86667-C01B-43C7-8D27-C025ABF6A052}.Release|iPhoneSimulator.Deploy.0 = Release|Any CPU
	EndGlobalSection
	GlobalSection(SolutionProperties) = preSolution
		HideSolutionNode = FALSE
	EndGlobalSection
	GlobalSection(ExtensibilityGlobals) = postSolution
		SolutionGuid = {050903F1-CA00-4A03-A380-549A166DDE4C}
	EndGlobalSection
EndGlobal
